// !$*UTF8*$!
{
	archiveVersion = 1;
	classes = {
	};
	objectVersion = 50;
	objects = {

/* Begin PBXBuildFile section */
		32D99FE323F56261002BF6A8 /* AppDelegate.swift in Sources */ = {isa = PBXBuildFile; fileRef = 32D99FE223F56261002BF6A8 /* AppDelegate.swift */; };
		32D99FE523F56261002BF6A8 /* SceneDelegate.swift in Sources */ = {isa = PBXBuildFile; fileRef = 32D99FE423F56261002BF6A8 /* SceneDelegate.swift */; };
		32D99FE723F56261002BF6A8 /* ViewController.swift in Sources */ = {isa = PBXBuildFile; fileRef = 32D99FE623F56261002BF6A8 /* ViewController.swift */; };
		32D99FEA23F56261002BF6A8 /* Main.storyboard in Resources */ = {isa = PBXBuildFile; fileRef = 32D99FE823F56261002BF6A8 /* Main.storyboard */; };
		32D99FED23F56261002BF6A8 /* CleanCodeTest.xcdatamodeld in Sources */ = {isa = PBXBuildFile; fileRef = 32D99FEB23F56261002BF6A8 /* CleanCodeTest.xcdatamodeld */; };
		32D99FEF23F56263002BF6A8 /* Assets.xcassets in Resources */ = {isa = PBXBuildFile; fileRef = 32D99FEE23F56263002BF6A8 /* Assets.xcassets */; };
		32D99FF223F56263002BF6A8 /* LaunchScreen.storyboard in Resources */ = {isa = PBXBuildFile; fileRef = 32D99FF023F56263002BF6A8 /* LaunchScreen.storyboard */; };
		32D99FFD23F56263002BF6A8 /* CleanCodeTestTests.swift in Sources */ = {isa = PBXBuildFile; fileRef = 32D99FFC23F56263002BF6A8 /* CleanCodeTestTests.swift */; };
		32D9A00823F56263002BF6A8 /* CleanCodeTestUITests.swift in Sources */ = {isa = PBXBuildFile; fileRef = 32D9A00723F56263002BF6A8 /* CleanCodeTestUITests.swift */; };
/* End PBXBuildFile section */

/* Begin PBXContainerItemProxy section */
		32D99FF923F56263002BF6A8 /* PBXContainerItemProxy */ = {
			isa = PBXContainerItemProxy;
			containerPortal = 32D99FD723F56261002BF6A8 /* Project object */;
			proxyType = 1;
			remoteGlobalIDString = 32D99FDE23F56261002BF6A8;
			remoteInfo = CleanCodeTest;
		};
		32D9A00423F56263002BF6A8 /* PBXContainerItemProxy */ = {
			isa = PBXContainerItemProxy;
			containerPortal = 32D99FD723F56261002BF6A8 /* Project object */;
			proxyType = 1;
			remoteGlobalIDString = 32D99FDE23F56261002BF6A8;
			remoteInfo = CleanCodeTest;
		};
/* End PBXContainerItemProxy section */

/* Begin PBXFileReference section */
		32D99FDF23F56261002BF6A8 /* CleanCodeTest.app */ = {isa = PBXFileReference; explicitFileType = wrapper.application; includeInIndex = 0; path = CleanCodeTest.app; sourceTree = BUILT_PRODUCTS_DIR; };
		32D99FE223F56261002BF6A8 /* AppDelegate.swift */ = {isa = PBXFileReference; lastKnownFileType = sourcecode.swift; path = AppDelegate.swift; sourceTree = "<group>"; };
		32D99FE423F56261002BF6A8 /* SceneDelegate.swift */ = {isa = PBXFileReference; lastKnownFileType = sourcecode.swift; path = SceneDelegate.swift; sourceTree = "<group>"; };
		32D99FE623F56261002BF6A8 /* ViewController.swift */ = {isa = PBXFileReference; lastKnownFileType = sourcecode.swift; path = ViewController.swift; sourceTree = "<group>"; };
		32D99FE923F56261002BF6A8 /* Base */ = {isa = PBXFileReference; lastKnownFileType = file.storyboard; name = Base; path = Base.lproj/Main.storyboard; sourceTree = "<group>"; };
		32D99FEC23F56261002BF6A8 /* CleanCodeTest.xcdatamodel */ = {isa = PBXFileReference; lastKnownFileType = wrapper.xcdatamodel; path = CleanCodeTest.xcdatamodel; sourceTree = "<group>"; };
		32D99FEE23F56263002BF6A8 /* Assets.xcassets */ = {isa = PBXFileReference; lastKnownFileType = folder.assetcatalog; path = Assets.xcassets; sourceTree = "<group>"; };
		32D99FF123F56263002BF6A8 /* Base */ = {isa = PBXFileReference; lastKnownFileType = file.storyboard; name = Base; path = Base.lproj/LaunchScreen.storyboard; sourceTree = "<group>"; };
		32D99FF323F56263002BF6A8 /* Info.plist */ = {isa = PBXFileReference; lastKnownFileType = text.plist.xml; path = Info.plist; sourceTree = "<group>"; };
		32D99FF823F56263002BF6A8 /* CleanCodeTestTests.xctest */ = {isa = PBXFileReference; explicitFileType = wrapper.cfbundle; includeInIndex = 0; path = CleanCodeTestTests.xctest; sourceTree = BUILT_PRODUCTS_DIR; };
		32D99FFC23F56263002BF6A8 /* CleanCodeTestTests.swift */ = {isa = PBXFileReference; lastKnownFileType = sourcecode.swift; path = CleanCodeTestTests.swift; sourceTree = "<group>"; };
		32D99FFE23F56263002BF6A8 /* Info.plist */ = {isa = PBXFileReference; lastKnownFileType = text.plist.xml; path = Info.plist; sourceTree = "<group>"; };
		32D9A00323F56263002BF6A8 /* CleanCodeTestUITests.xctest */ = {isa = PBXFileReference; explicitFileType = wrapper.cfbundle; includeInIndex = 0; path = CleanCodeTestUITests.xctest; sourceTree = BUILT_PRODUCTS_DIR; };
		32D9A00723F56263002BF6A8 /* CleanCodeTestUITests.swift */ = {isa = PBXFileReference; lastKnownFileType = sourcecode.swift; path = CleanCodeTestUITests.swift; sourceTree = "<group>"; };
		32D9A00923F56263002BF6A8 /* Info.plist */ = {isa = PBXFileReference; lastKnownFileType = text.plist.xml; path = Info.plist; sourceTree = "<group>"; };
/* End PBXFileReference section */

/* Begin PBXFrameworksBuildPhase section */
		32D99FDC23F56261002BF6A8 /* Frameworks */ = {
			isa = PBXFrameworksBuildPhase;
			buildActionMask = 2147483647;
			files = (
			);
			runOnlyForDeploymentPostprocessing = 0;
		};
		32D99FF523F56263002BF6A8 /* Frameworks */ = {
			isa = PBXFrameworksBuildPhase;
			buildActionMask = 2147483647;
			files = (
			);
			runOnlyForDeploymentPostprocessing = 0;
		};
		32D9A00023F56263002BF6A8 /* Frameworks */ = {
			isa = PBXFrameworksBuildPhase;
			buildActionMask = 2147483647;
			files = (
			);
			runOnlyForDeploymentPostprocessing = 0;
		};
/* End PBXFrameworksBuildPhase section */

/* Begin PBXGroup section */
		32D99FD623F56261002BF6A8 = {
			isa = PBXGroup;
			children = (
				32D99FE123F56261002BF6A8 /* CleanCodeTest */,
				32D99FFB23F56263002BF6A8 /* CleanCodeTestTests */,
				32D9A00623F56263002BF6A8 /* CleanCodeTestUITests */,
				32D99FE023F56261002BF6A8 /* Products */,
			);
			sourceTree = "<group>";
		};
		32D99FE023F56261002BF6A8 /* Products */ = {
			isa = PBXGroup;
			children = (
				32D99FDF23F56261002BF6A8 /* CleanCodeTest.app */,
				32D99FF823F56263002BF6A8 /* CleanCodeTestTests.xctest */,
				32D9A00323F56263002BF6A8 /* CleanCodeTestUITests.xctest */,
			);
			name = Products;
			sourceTree = "<group>";
		};
		32D99FE123F56261002BF6A8 /* CleanCodeTest */ = {
			isa = PBXGroup;
			children = (
				32D99FE223F56261002BF6A8 /* AppDelegate.swift */,
				32D99FE423F56261002BF6A8 /* SceneDelegate.swift */,
				32D99FE623F56261002BF6A8 /* ViewController.swift */,
				32D99FE823F56261002BF6A8 /* Main.storyboard */,
				32D99FEE23F56263002BF6A8 /* Assets.xcassets */,
				32D99FF023F56263002BF6A8 /* LaunchScreen.storyboard */,
				32D99FF323F56263002BF6A8 /* Info.plist */,
				32D99FEB23F56261002BF6A8 /* CleanCodeTest.xcdatamodeld */,
			);
			path = CleanCodeTest;
			sourceTree = "<group>";
		};
		32D99FFB23F56263002BF6A8 /* CleanCodeTestTests */ = {
			isa = PBXGroup;
			children = (
				32D99FFC23F56263002BF6A8 /* CleanCodeTestTests.swift */,
				32D99FFE23F56263002BF6A8 /* Info.plist */,
			);
			path = CleanCodeTestTests;
			sourceTree = "<group>";
		};
		32D9A00623F56263002BF6A8 /* CleanCodeTestUITests */ = {
			isa = PBXGroup;
			children = (
				32D9A00723F56263002BF6A8 /* CleanCodeTestUITests.swift */,
				32D9A00923F56263002BF6A8 /* Info.plist */,
			);
			path = CleanCodeTestUITests;
			sourceTree = "<group>";
		};
/* End PBXGroup section */

/* Begin PBXNativeTarget section */
		32D99FDE23F56261002BF6A8 /* CleanCodeTest */ = {
			isa = PBXNativeTarget;
			buildConfigurationList = 32D9A00C23F56263002BF6A8 /* Build configuration list for PBXNativeTarget "CleanCodeTest" */;
			buildPhases = (
				32D99FDB23F56261002BF6A8 /* Sources */,
				32D99FDC23F56261002BF6A8 /* Frameworks */,
				32D99FDD23F56261002BF6A8 /* Resources */,
			);
			buildRules = (
			);
			dependencies = (
			);
			name = CleanCodeTest;
			productName = CleanCodeTest;
			productReference = 32D99FDF23F56261002BF6A8 /* CleanCodeTest.app */;
			productType = "com.apple.product-type.application";
		};
		32D99FF723F56263002BF6A8 /* CleanCodeTestTests */ = {
			isa = PBXNativeTarget;
			buildConfigurationList = 32D9A00F23F56263002BF6A8 /* Build configuration list for PBXNativeTarget "CleanCodeTestTests" */;
			buildPhases = (
				32D99FF423F56263002BF6A8 /* Sources */,
				32D99FF523F56263002BF6A8 /* Frameworks */,
				32D99FF623F56263002BF6A8 /* Resources */,
			);
			buildRules = (
			);
			dependencies = (
				32D99FFA23F56263002BF6A8 /* PBXTargetDependency */,
			);
			name = CleanCodeTestTests;
			productName = CleanCodeTestTests;
			productReference = 32D99FF823F56263002BF6A8 /* CleanCodeTestTests.xctest */;
			productType = "com.apple.product-type.bundle.unit-test";
		};
		32D9A00223F56263002BF6A8 /* CleanCodeTestUITests */ = {
			isa = PBXNativeTarget;
			buildConfigurationList = 32D9A01223F56263002BF6A8 /* Build configuration list for PBXNativeTarget "CleanCodeTestUITests" */;
			buildPhases = (
				32D99FFF23F56263002BF6A8 /* Sources */,
				32D9A00023F56263002BF6A8 /* Frameworks */,
				32D9A00123F56263002BF6A8 /* Resources */,
			);
			buildRules = (
			);
			dependencies = (
				32D9A00523F56263002BF6A8 /* PBXTargetDependency */,
			);
			name = CleanCodeTestUITests;
			productName = CleanCodeTestUITests;
			productReference = 32D9A00323F56263002BF6A8 /* CleanCodeTestUITests.xctest */;
			productType = "com.apple.product-type.bundle.ui-testing";
		};
/* End PBXNativeTarget section */

/* Begin PBXProject section */
		32D99FD723F56261002BF6A8 /* Project object */ = {
			isa = PBXProject;
			attributes = {
				LastSwiftUpdateCheck = 1130;
				LastUpgradeCheck = 1130;
				ORGANIZATIONNAME = Farmerline;
				TargetAttributes = {
					32D99FDE23F56261002BF6A8 = {
						CreatedOnToolsVersion = 11.3.1;
					};
					32D99FF723F56263002BF6A8 = {
						CreatedOnToolsVersion = 11.3.1;
						TestTargetID = 32D99FDE23F56261002BF6A8;
					};
					32D9A00223F56263002BF6A8 = {
						CreatedOnToolsVersion = 11.3.1;
						TestTargetID = 32D99FDE23F56261002BF6A8;
					};
				};
			};
			buildConfigurationList = 32D99FDA23F56261002BF6A8 /* Build configuration list for PBXProject "CleanCodeTest" */;
			compatibilityVersion = "Xcode 9.3";
			developmentRegion = en;
			hasScannedForEncodings = 0;
			knownRegions = (
				en,
				Base,
			);
			mainGroup = 32D99FD623F56261002BF6A8;
			productRefGroup = 32D99FE023F56261002BF6A8 /* Products */;
			projectDirPath = "";
			projectRoot = "";
			targets = (
				32D99FDE23F56261002BF6A8 /* CleanCodeTest */,
				32D99FF723F56263002BF6A8 /* CleanCodeTestTests */,
				32D9A00223F56263002BF6A8 /* CleanCodeTestUITests */,
			);
		};
/* End PBXProject section */

/* Begin PBXResourcesBuildPhase section */
		32D99FDD23F56261002BF6A8 /* Resources */ = {
			isa = PBXResourcesBuildPhase;
			buildActionMask = 2147483647;
			files = (
				32D99FF223F56263002BF6A8 /* LaunchScreen.storyboard in Resources */,
				32D99FEF23F56263002BF6A8 /* Assets.xcassets in Resources */,
				32D99FEA23F56261002BF6A8 /* Main.storyboard in Resources */,
			);
			runOnlyForDeploymentPostprocessing = 0;
		};
		32D99FF623F56263002BF6A8 /* Resources */ = {
			isa = PBXResourcesBuildPhase;
			buildActionMask = 2147483647;
			files = (
			);
			runOnlyForDeploymentPostprocessing = 0;
		};
		32D9A00123F56263002BF6A8 /* Resources */ = {
			isa = PBXResourcesBuildPhase;
			buildActionMask = 2147483647;
			files = (
			);
			runOnlyForDeploymentPostprocessing = 0;
		};
/* End PBXResourcesBuildPhase section */

/* Begin PBXSourcesBuildPhase section */
		32D99FDB23F56261002BF6A8 /* Sources */ = {
			isa = PBXSourcesBuildPhase;
			buildActionMask = 2147483647;
			files = (
				32D99FED23F56261002BF6A8 /* CleanCodeTest.xcdatamodeld in Sources */,
				32D99FE723F56261002BF6A8 /* ViewController.swift in Sources */,
				32D99FE323F56261002BF6A8 /* AppDelegate.swift in Sources */,
				32D99FE523F56261002BF6A8 /* SceneDelegate.swift in Sources */,
			);
			runOnlyForDeploymentPostprocessing = 0;
		};
		32D99FF423F56263002BF6A8 /* Sources */ = {
			isa = PBXSourcesBuildPhase;
			buildActionMask = 2147483647;
			files = (
				32D99FFD23F56263002BF6A8 /* CleanCodeTestTests.swift in Sources */,
			);
			runOnlyForDeploymentPostprocessing = 0;
		};
		32D99FFF23F56263002BF6A8 /* Sources */ = {
			isa = PBXSourcesBuildPhase;
			buildActionMask = 2147483647;
			files = (
				32D9A00823F56263002BF6A8 /* CleanCodeTestUITests.swift in Sources */,
			);
			runOnlyForDeploymentPostprocessing = 0;
		};
/* End PBXSourcesBuildPhase section */

/* Begin PBXTargetDependency section */
		32D99FFA23F56263002BF6A8 /* PBXTargetDependency */ = {
			isa = PBXTargetDependency;
			target = 32D99FDE23F56261002BF6A8 /* CleanCodeTest */;
			targetProxy = 32D99FF923F56263002BF6A8 /* PBXContainerItemProxy */;
		};
		32D9A00523F56263002BF6A8 /* PBXTargetDependency */ = {
			isa = PBXTargetDependency;
			target = 32D99FDE23F56261002BF6A8 /* CleanCodeTest */;
			targetProxy = 32D9A00423F56263002BF6A8 /* PBXContainerItemProxy */;
		};
/* End PBXTargetDependency section */

/* Begin PBXVariantGroup section */
		32D99FE823F56261002BF6A8 /* Main.storyboard */ = {
			isa = PBXVariantGroup;
			children = (
				32D99FE923F56261002BF6A8 /* Base */,
			);
			name = Main.storyboard;
			sourceTree = "<group>";
		};
		32D99FF023F56263002BF6A8 /* LaunchScreen.storyboard */ = {
			isa = PBXVariantGroup;
			children = (
				32D99FF123F56263002BF6A8 /* Base */,
			);
			name = LaunchScreen.storyboard;
			sourceTree = "<group>";
		};
/* End PBXVariantGroup section */

/* Begin XCBuildConfiguration section */
		32D9A00A23F56263002BF6A8 /* Debug */ = {
			isa = XCBuildConfiguration;
			buildSettings = {
				ALWAYS_SEARCH_USER_PATHS = NO;
				CLANG_ANALYZER_NONNULL = YES;
				CLANG_ANALYZER_NUMBER_OBJECT_CONVERSION = YES_AGGRESSIVE;
				CLANG_CXX_LANGUAGE_STANDARD = "gnu++14";
				CLANG_CXX_LIBRARY = "libc++";
				CLANG_ENABLE_MODULES = YES;
				CLANG_ENABLE_OBJC_ARC = YES;
				CLANG_ENABLE_OBJC_WEAK = YES;
				CLANG_WARN_BLOCK_CAPTURE_AUTORELEASING = YES;
				CLANG_WARN_BOOL_CONVERSION = YES;
				CLANG_WARN_COMMA = YES;
				CLANG_WARN_CONSTANT_CONVERSION = YES;
				CLANG_WARN_DEPRECATED_OBJC_IMPLEMENTATIONS = YES;
				CLANG_WARN_DIRECT_OBJC_ISA_USAGE = YES_ERROR;
				CLANG_WARN_DOCUMENTATION_COMMENTS = YES;
				CLANG_WARN_EMPTY_BODY = YES;
				CLANG_WARN_ENUM_CONVERSION = YES;
				CLANG_WARN_INFINITE_RECURSION = YES;
				CLANG_WARN_INT_CONVERSION = YES;
				CLANG_WARN_NON_LITERAL_NULL_CONVERSION = YES;
				CLANG_WARN_OBJC_IMPLICIT_RETAIN_SELF = YES;
				CLANG_WARN_OBJC_LITERAL_CONVERSION = YES;
				CLANG_WARN_OBJC_ROOT_CLASS = YES_ERROR;
				CLANG_WARN_RANGE_LOOP_ANALYSIS = YES;
				CLANG_WARN_STRICT_PROTOTYPES = YES;
				CLANG_WARN_SUSPICIOUS_MOVE = YES;
				CLANG_WARN_UNGUARDED_AVAILABILITY = YES_AGGRESSIVE;
				CLANG_WARN_UNREACHABLE_CODE = YES;
				CLANG_WARN__DUPLICATE_METHOD_MATCH = YES;
				COPY_PHASE_STRIP = NO;
				DEBUG_INFORMATION_FORMAT = dwarf;
				ENABLE_STRICT_OBJC_MSGSEND = YES;
				ENABLE_TESTABILITY = YES;
				GCC_C_LANGUAGE_STANDARD = gnu11;
				GCC_DYNAMIC_NO_PIC = NO;
				GCC_NO_COMMON_BLOCKS = YES;
				GCC_OPTIMIZATION_LEVEL = 0;
				GCC_PREPROCESSOR_DEFINITIONS = (
					"DEBUG=1",
					"$(inherited)",
				);
				GCC_WARN_64_TO_32_BIT_CONVERSION = YES;
				GCC_WARN_ABOUT_RETURN_TYPE = YES_ERROR;
				GCC_WARN_UNDECLARED_SELECTOR = YES;
				GCC_WARN_UNINITIALIZED_AUTOS = YES_AGGRESSIVE;
				GCC_WARN_UNUSED_FUNCTION = YES;
				GCC_WARN_UNUSED_VARIABLE = YES;
				IPHONEOS_DEPLOYMENT_TARGET = 13.2;
				MTL_ENABLE_DEBUG_INFO = INCLUDE_SOURCE;
				MTL_FAST_MATH = YES;
				ONLY_ACTIVE_ARCH = YES;
				SDKROOT = iphoneos;
				SWIFT_ACTIVE_COMPILATION_CONDITIONS = DEBUG;
				SWIFT_OPTIMIZATION_LEVEL = "-Onone";
			};
			name = Debug;
		};
		32D9A00B23F56263002BF6A8 /* Release */ = {
			isa = XCBuildConfiguration;
			buildSettings = {
				ALWAYS_SEARCH_USER_PATHS = NO;
				CLANG_ANALYZER_NONNULL = YES;
				CLANG_ANALYZER_NUMBER_OBJECT_CONVERSION = YES_AGGRESSIVE;
				CLANG_CXX_LANGUAGE_STANDARD = "gnu++14";
				CLANG_CXX_LIBRARY = "libc++";
				CLANG_ENABLE_MODULES = YES;
				CLANG_ENABLE_OBJC_ARC = YES;
				CLANG_ENABLE_OBJC_WEAK = YES;
				CLANG_WARN_BLOCK_CAPTURE_AUTORELEASING = YES;
				CLANG_WARN_BOOL_CONVERSION = YES;
				CLANG_WARN_COMMA = YES;
				CLANG_WARN_CONSTANT_CONVERSION = YES;
				CLANG_WARN_DEPRECATED_OBJC_IMPLEMENTATIONS = YES;
				CLANG_WARN_DIRECT_OBJC_ISA_USAGE = YES_ERROR;
				CLANG_WARN_DOCUMENTATION_COMMENTS = YES;
				CLANG_WARN_EMPTY_BODY = YES;
				CLANG_WARN_ENUM_CONVERSION = YES;
				CLANG_WARN_INFINITE_RECURSION = YES;
				CLANG_WARN_INT_CONVERSION = YES;
				CLANG_WARN_NON_LITERAL_NULL_CONVERSION = YES;
				CLANG_WARN_OBJC_IMPLICIT_RETAIN_SELF = YES;
				CLANG_WARN_OBJC_LITERAL_CONVERSION = YES;
				CLANG_WARN_OBJC_ROOT_CLASS = YES_ERROR;
				CLANG_WARN_RANGE_LOOP_ANALYSIS = YES;
				CLANG_WARN_STRICT_PROTOTYPES = YES;
				CLANG_WARN_SUSPICIOUS_MOVE = YES;
				CLANG_WARN_UNGUARDED_AVAILABILITY = YES_AGGRESSIVE;
				CLANG_WARN_UNREACHABLE_CODE = YES;
				CLANG_WARN__DUPLICATE_METHOD_MATCH = YES;
				COPY_PHASE_STRIP = NO;
				DEBUG_INFORMATION_FORMAT = "dwarf-with-dsym";
				ENABLE_NS_ASSERTIONS = NO;
				ENABLE_STRICT_OBJC_MSGSEND = YES;
				GCC_C_LANGUAGE_STANDARD = gnu11;
				GCC_NO_COMMON_BLOCKS = YES;
				GCC_WARN_64_TO_32_BIT_CONVERSION = YES;
				GCC_WARN_ABOUT_RETURN_TYPE = YES_ERROR;
				GCC_WARN_UNDECLARED_SELECTOR = YES;
				GCC_WARN_UNINITIALIZED_AUTOS = YES_AGGRESSIVE;
				GCC_WARN_UNUSED_FUNCTION = YES;
				GCC_WARN_UNUSED_VARIABLE = YES;
				IPHONEOS_DEPLOYMENT_TARGET = 13.2;
				MTL_ENABLE_DEBUG_INFO = NO;
				MTL_FAST_MATH = YES;
				SDKROOT = iphoneos;
				SWIFT_COMPILATION_MODE = wholemodule;
				SWIFT_OPTIMIZATION_LEVEL = "-O";
				VALIDATE_PRODUCT = YES;
			};
			name = Release;
		};
		32D9A00D23F56263002BF6A8 /* Debug */ = {
			isa = XCBuildConfiguration;
			buildSettings = {
				ASSETCATALOG_COMPILER_APPICON_NAME = AppIcon;
				CODE_SIGN_STYLE = Automatic;
				DEVELOPMENT_TEAM = 43C8PVP2R5;
				INFOPLIST_FILE = CleanCodeTest/Info.plist;
				LD_RUNPATH_SEARCH_PATHS = (
					"$(inherited)",
					"@executable_path/Frameworks",
				);
				PRODUCT_BUNDLE_IDENTIFIER = com.beulahana.CleanCodeTest;
				PRODUCT_NAME = "$(TARGET_NAME)";
				SWIFT_VERSION = 5.0;
				TARGETED_DEVICE_FAMILY = "1,2";
			};
			name = Debug;
		};
		32D9A00E23F56263002BF6A8 /* Release */ = {
			isa = XCBuildConfiguration;
			buildSettings = {
				ASSETCATALOG_COMPILER_APPICON_NAME = AppIcon;
				CODE_SIGN_STYLE = Automatic;
				DEVELOPMENT_TEAM = 43C8PVP2R5;
				INFOPLIST_FILE = CleanCodeTest/Info.plist;
				LD_RUNPATH_SEARCH_PATHS = (
					"$(inherited)",
					"@executable_path/Frameworks",
				);
				PRODUCT_BUNDLE_IDENTIFIER = com.beulahana.CleanCodeTest;
				PRODUCT_NAME = "$(TARGET_NAME)";
				SWIFT_VERSION = 5.0;
				TARGETED_DEVICE_FAMILY = "1,2";
			};
			name = Release;
		};
		32D9A01023F56263002BF6A8 /* Debug */ = {
			isa = XCBuildConfiguration;
			buildSettings = {
				ALWAYS_EMBED_SWIFT_STANDARD_LIBRARIES = YES;
				BUNDLE_LOADER = "$(TEST_HOST)";
				CODE_SIGN_STYLE = Automatic;
				DEVELOPMENT_TEAM = 43C8PVP2R5;
				INFOPLIST_FILE = CleanCodeTestTests/Info.plist;
				IPHONEOS_DEPLOYMENT_TARGET = 13.2;
				LD_RUNPATH_SEARCH_PATHS = (
					"$(inherited)",
					"@executable_path/Frameworks",
					"@loader_path/Frameworks",
				);
				PRODUCT_BUNDLE_IDENTIFIER = com.beulahana.CleanCodeTestTests;
				PRODUCT_NAME = "$(TARGET_NAME)";
				SWIFT_VERSION = 5.0;
				TARGETED_DEVICE_FAMILY = "1,2";
				TEST_HOST = "$(BUILT_PRODUCTS_DIR)/CleanCodeTest.app/CleanCodeTest";
			};
			name = Debug;
		};
		32D9A01123F56263002BF6A8 /* Release */ = {
			isa = XCBuildConfiguration;
			buildSettings = {
				ALWAYS_EMBED_SWIFT_STANDARD_LIBRARIES = YES;
				BUNDLE_LOADER = "$(TEST_HOST)";
				CODE_SIGN_STYLE = Automatic;
				DEVELOPMENT_TEAM = 43C8PVP2R5;
				INFOPLIST_FILE = CleanCodeTestTests/Info.plist;
				IPHONEOS_DEPLOYMENT_TARGET = 13.2;
				LD_RUNPATH_SEARCH_PATHS = (
					"$(inherited)",
					"@executable_path/Frameworks",
					"@loader_path/Frameworks",
				);
				PRODUCT_BUNDLE_IDENTIFIER = com.beulahana.CleanCodeTestTests;
				PRODUCT_NAME = "$(TARGET_NAME)";
				SWIFT_VERSION = 5.0;
				TARGETED_DEVICE_FAMILY = "1,2";
				TEST_HOST = "$(BUILT_PRODUCTS_DIR)/CleanCodeTest.app/CleanCodeTest";
			};
			name = Release;
		};
		32D9A01323F56263002BF6A8 /* Debug */ = {
			isa = XCBuildConfiguration;
			buildSettings = {
				ALWAYS_EMBED_SWIFT_STANDARD_LIBRARIES = YES;
				CODE_SIGN_STYLE = Automatic;
				DEVELOPMENT_TEAM = 43C8PVP2R5;
				INFOPLIST_FILE = CleanCodeTestUITests/Info.plist;
				LD_RUNPATH_SEARCH_PATHS = (
					"$(inherited)",
					"@executable_path/Frameworks",
					"@loader_path/Frameworks",
				);
				PRODUCT_BUNDLE_IDENTIFIER = com.beulahana.CleanCodeTestUITests;
				PRODUCT_NAME = "$(TARGET_NAME)";
				SWIFT_VERSION = 5.0;
				TARGETED_DEVICE_FAMILY = "1,2";
				TEST_TARGET_NAME = CleanCodeTest;
			};
			name = Debug;
		};
		32D9A01423F56263002BF6A8 /* Release */ = {
			isa = XCBuildConfiguration;
			buildSettings = {
				ALWAYS_EMBED_SWIFT_STANDARD_LIBRARIES = YES;
				CODE_SIGN_STYLE = Automatic;
				DEVELOPMENT_TEAM = 43C8PVP2R5;
				INFOPLIST_FILE = CleanCodeTestUITests/Info.plist;
				LD_RUNPATH_SEARCH_PATHS = (
					"$(inherited)",
					"@executable_path/Frameworks",
					"@loader_path/Frameworks",
				);
				PRODUCT_BUNDLE_IDENTIFIER = com.beulahana.CleanCodeTestUITests;
				PRODUCT_NAME = "$(TARGET_NAME)";
				SWIFT_VERSION = 5.0;
				TARGETED_DEVICE_FAMILY = "1,2";
				TEST_TARGET_NAME = CleanCodeTest;
			};
			name = Release;
		};
/* End XCBuildConfiguration section */

/* Begin XCConfigurationList section */
		32D99FDA23F56261002BF6A8 /* Build configuration list for PBXProject "CleanCodeTest" */ = {
			isa = XCConfigurationList;
			buildConfigurations = (
				32D9A00A23F56263002BF6A8 /* Debug */,
				32D9A00B23F56263002BF6A8 /* Release */,
			);
			defaultConfigurationIsVisible = 0;
			defaultConfigurationName = Release;
		};
		32D9A00C23F56263002BF6A8 /* Build configuration list for PBXNativeTarget "CleanCodeTest" */ = {
			isa = XCConfigurationList;
			buildConfigurations = (
				32D9A00D23F56263002BF6A8 /* Debug */,
				32D9A00E23F56263002BF6A8 /* Release */,
			);
			defaultConfigurationIsVisible = 0;
			defaultConfigurationName = Release;
		};
		32D9A00F23F56263002BF6A8 /* Build configuration list for PBXNativeTarget "CleanCodeTestTests" */ = {
			isa = XCConfigurationList;
			buildConfigurations = (
				32D9A01023F56263002BF6A8 /* Debug */,
				32D9A01123F56263002BF6A8 /* Release */,
			);
			defaultConfigurationIsVisible = 0;
			defaultConfigurationName = Release;
		};
		32D9A01223F56263002BF6A8 /* Build configuration list for PBXNativeTarget "CleanCodeTestUITests" */ = {
			isa = XCConfigurationList;
			buildConfigurations = (
				32D9A01323F56263002BF6A8 /* Debug */,
				32D9A01423F56263002BF6A8 /* Release */,
			);
			defaultConfigurationIsVisible = 0;
			defaultConfigurationName = Release;
		};
/* End XCConfigurationList section */

/* Begin XCVersionGroup section */
		32D99FEB23F56261002BF6A8 /* CleanCodeTest.xcdatamodeld */ = {
			isa = XCVersionGroup;
			children = (
				32D99FEC23F56261002BF6A8 /* CleanCodeTest.xcdatamodel */,
			);
			currentVersion = 32D99FEC23F56261002BF6A8 /* CleanCodeTest.xcdatamodel */;
			path = CleanCodeTest.xcdatamodeld;
			sourceTree = "<group>";
			versionGroupType = wrapper.xcdatamodel;
		};
/* End XCVersionGroup section */
	};
	rootObject = 32D99FD723F56261002BF6A8 /* Project object */;
}
